
Microsoft Visual Studio Solution File, Format Version 12.00
# Visual Studio Version 17
VisualStudioVersion = 17.0.31919.166
MinimumVisualStudioVersion = 10.0.40219.1
Project("{FAE04EC0-301F-11D3-BF4B-00C04F79EFBC}") = "LB1", "LB1\LB1.csproj", "{33379ABC-EA40-417A-9053-013117741B13}"
EndProject
Project("{FAE04EC0-301F-11D3-BF4B-00C04F79EFBC}") = "ClassLibrary1", "ClassLibrary1\ClassLibrary1.csproj", "{683611D5-6005-40FB-B6F3-09FD6032A78B}"
EndProject
Global
	GlobalSection(SolutionConfigurationPlatforms) = preSolution
		Debug|Any CPU = Debug|Any CPU
		Release|Any CPU = Release|Any CPU
	EndGlobalSection
	GlobalSection(ProjectConfigurationPlatforms) = postSolution
		{33379ABC-EA40-417A-9053-013117741B13}.Debug|Any CPU.ActiveCfg = Debug|Any CPU
		{33379ABC-EA40-417A-9053-013117741B13}.Debug|Any CPU.Build.0 = Debug|Any CPU
		{33379ABC-EA40-417A-9053-013117741B13}.Release|Any CPU.ActiveCfg = Release|Any CPU
		{33379ABC-EA40-417A-9053-013117741B13}.Release|Any CPU.Build.0 = Release|Any CPU
		{683611D5-6005-40FB-B6F3-09FD6032A78B}.Debug|Any CPU.ActiveCfg = Debug|Any CPU
		{683611D5-6005-40FB-B6F3-09FD6032A78B}.Debug|Any CPU.Build.0 = Debug|Any CPU
		{683611D5-6005-40FB-B6F3-09FD6032A78B}.Release|Any CPU.ActiveCfg = Release|Any CPU
		{683611D5-6005-40FB-B6F3-09FD6032A78B}.Release|Any CPU.Build.0 = Release|Any CPU
	EndGlobalSection
	GlobalSection(SolutionProperties) = preSolution
		HideSolutionNode = FALSE
	EndGlobalSection
	GlobalSection(ExtensibilityGlobals) = postSolution
		SolutionGuid = {EA75B19E-C021-4656-A200-D5B6C27F96CB}
	EndGlobalSection
EndGlobal
